
Microsoft Visual Studio Solution File, Format Version 12.00
# Visual Studio Version 16
VisualStudioVersion = 16.0.29201.188
MinimumVisualStudioVersion = 10.0.40219.1
Project("{FAE04EC0-301F-11D3-BF4B-00C04F79EFBC}") = "TriangleInequality", "TriangleInequality\TriangleInequality.csproj", "{F6DFB587-BAC5-4C0C-B2B2-D93D00BB6824}"
EndProject
Project("{FAE04EC0-301F-11D3-BF4B-00C04F79EFBC}") = "TriangleInequality.Tests", "TriangleInequality.Tests\TriangleInequality.Tests.csproj", "{CDC4BC2A-C5CB-4B6F-928C-FC3C51439A11}"
EndProject
Global
	GlobalSection(SolutionConfigurationPlatforms) = preSolution
		Debug|Any CPU = Debug|Any CPU
		Release|Any CPU = Release|Any CPU
	EndGlobalSection
	GlobalSection(ProjectConfigurationPlatforms) = postSolution
		{F6DFB587-BAC5-4C0C-B2B2-D93D00BB6824}.Debug|Any CPU.ActiveCfg = Debug|Any CPU
		{F6DFB587-BAC5-4C0C-B2B2-D93D00BB6824}.Debug|Any CPU.Build.0 = Debug|Any CPU
		{F6DFB587-BAC5-4C0C-B2B2-D93D00BB6824}.Release|Any CPU.ActiveCfg = Release|Any CPU
		{F6DFB587-BAC5-4C0C-B2B2-D93D00BB6824}.Release|Any CPU.Build.0 = Release|Any CPU
		{CDC4BC2A-C5CB-4B6F-928C-FC3C51439A11}.Debug|Any CPU.ActiveCfg = Debug|Any CPU
		{CDC4BC2A-C5CB-4B6F-928C-FC3C51439A11}.Debug|Any CPU.Build.0 = Debug|Any CPU
		{CDC4BC2A-C5CB-4B6F-928C-FC3C51439A11}.Release|Any CPU.ActiveCfg = Release|Any CPU
		{CDC4BC2A-C5CB-4B6F-928C-FC3C51439A11}.Release|Any CPU.Build.0 = Release|Any CPU
	EndGlobalSection
	GlobalSection(SolutionProperties) = preSolution
		HideSolutionNode = FALSE
	EndGlobalSection
	GlobalSection(ExtensibilityGlobals) = postSolution
		SolutionGuid = {8CE6809B-ECF7-4555-9525-CB65B04A6BD0}
	EndGlobalSection
EndGlobal
